
Microsoft Visual Studio Solution File, Format Version 12.00
# Visual Studio 15
VisualStudioVersion = 15.0.28307.168
MinimumVisualStudioVersion = 10.0.40219.1
Project("{9A19103F-16F7-4668-BE54-9A1E7A4F7556}") = "MilestoneTG.Extensions.Configuration.S3", "MilestoneTG.Extensions.Configuration.S3\MilestoneTG.Extensions.Configuration.S3.csproj", "{679933AB-0D33-45EF-906D-17D4CA1AFA32}"
EndProject
Project("{9A19103F-16F7-4668-BE54-9A1E7A4F7556}") = "Example", "Example\Example.csproj", "{64DCD1D7-A87B-4B21-847D-128BA7F41ED7}"
EndProject
Project("{9A19103F-16F7-4668-BE54-9A1E7A4F7556}") = "MilestoneTG.Extensions.Configuration.S3.Json", "MilestoneTG.Extensions.Configuration.S3.Json\MilestoneTG.Extensions.Configuration.S3.Json.csproj", "{AA7B3912-3135-41D2-BD3E-F0B395DB0911}"
EndProject
Project("{2150E333-8FDC-42A3-9474-1A3956D46DE8}") = "Solution Items", "Solution Items", "{96842A21-77CF-4227-A01E-AD66D6BE7B25}"
	ProjectSection(SolutionItems) = preProject
		mySettings.json = mySettings.json
	EndProjectSection
EndProject
Project("{9A19103F-16F7-4668-BE54-9A1E7A4F7556}") = "MilestoneTG.Extensions.Configuration.S3.Yaml", "MilestoneTG.Extensions.Configuration.S3.Yaml\MilestoneTG.Extensions.Configuration.S3.Yaml.csproj", "{8D172F97-EA96-4043-9791-41C24BD1ED94}"
EndProject
Project("{FAE04EC0-301F-11D3-BF4B-00C04F79EFBC}") = "MilestoneTG.Extensions.Configuration.S3.UnitTests", "MilestoneTG.Extensions.Configuration.S3.UnitTests\MilestoneTG.Extensions.Configuration.S3.UnitTests.csproj", "{3B44E973-9E0E-4E38-A755-C2F6B07969BD}"
EndProject
Global
	GlobalSection(SolutionConfigurationPlatforms) = preSolution
		Debug|Any CPU = Debug|Any CPU
		Release|Any CPU = Release|Any CPU
	EndGlobalSection
	GlobalSection(ProjectConfigurationPlatforms) = postSolution
		{679933AB-0D33-45EF-906D-17D4CA1AFA32}.Debug|Any CPU.ActiveCfg = Debug|Any CPU
		{679933AB-0D33-45EF-906D-17D4CA1AFA32}.Debug|Any CPU.Build.0 = Debug|Any CPU
		{679933AB-0D33-45EF-906D-17D4CA1AFA32}.Release|Any CPU.ActiveCfg = Release|Any CPU
		{679933AB-0D33-45EF-906D-17D4CA1AFA32}.Release|Any CPU.Build.0 = Release|Any CPU
		{64DCD1D7-A87B-4B21-847D-128BA7F41ED7}.Debug|Any CPU.ActiveCfg = Debug|Any CPU
		{64DCD1D7-A87B-4B21-847D-128BA7F41ED7}.Debug|Any CPU.Build.0 = Debug|Any CPU
		{64DCD1D7-A87B-4B21-847D-128BA7F41ED7}.Release|Any CPU.ActiveCfg = Release|Any CPU
		{64DCD1D7-A87B-4B21-847D-128BA7F41ED7}.Release|Any CPU.Build.0 = Release|Any CPU
		{AA7B3912-3135-41D2-BD3E-F0B395DB0911}.Debug|Any CPU.ActiveCfg = Debug|Any CPU
		{AA7B3912-3135-41D2-BD3E-F0B395DB0911}.Debug|Any CPU.Build.0 = Debug|Any CPU
		{AA7B3912-3135-41D2-BD3E-F0B395DB0911}.Release|Any CPU.ActiveCfg = Release|Any CPU
		{AA7B3912-3135-41D2-BD3E-F0B395DB0911}.Release|Any CPU.Build.0 = Release|Any CPU
		{8D172F97-EA96-4043-9791-41C24BD1ED94}.Debug|Any CPU.ActiveCfg = Debug|Any CPU
		{8D172F97-EA96-4043-9791-41C24BD1ED94}.Debug|Any CPU.Build.0 = Debug|Any CPU
		{8D172F97-EA96-4043-9791-41C24BD1ED94}.Release|Any CPU.ActiveCfg = Release|Any CPU
		{8D172F97-EA96-4043-9791-41C24BD1ED94}.Release|Any CPU.Build.0 = Release|Any CPU
		{3B44E973-9E0E-4E38-A755-C2F6B07969BD}.Debug|Any CPU.ActiveCfg = Debug|Any CPU
		{3B44E973-9E0E-4E38-A755-C2F6B07969BD}.Debug|Any CPU.Build.0 = Debug|Any CPU
		{3B44E973-9E0E-4E38-A755-C2F6B07969BD}.Release|Any CPU.ActiveCfg = Release|Any CPU
		{3B44E973-9E0E-4E38-A755-C2F6B07969BD}.Release|Any CPU.Build.0 = Release|Any CPU
	EndGlobalSection
	GlobalSection(SolutionProperties) = preSolution
		HideSolutionNode = FALSE
	EndGlobalSection
	GlobalSection(ExtensibilityGlobals) = postSolution
		SolutionGuid = {1A1ED93A-E466-4144-81BE-83874AA59A0F}
	EndGlobalSection
EndGlobal
